{
  "pins" : [
    {
      "identity" : "driftwood",
      "kind" : "remoteSourceControl",
      "location" : "https://github.com/wlgemini/Driftwood.git",
      "state" : {
        "revision" : "d0befdb83eb6ece57a819d79da6f7f00b7ddbdef",
        "version" : "5.8.0"
      }
    },
    {
      "identity" : "snapkit",
      "kind" : "remoteSourceControl",
      "location" : "https://github.com/SnapKit/SnapKit.git",
      "state" : {
        "revision" : "2842e6e84e82eb9a8dac0100ca90d9444b0307f4",
        "version" : "5.7.1"
      }
    }
  ],
  "version" : 2
}
